
Microsoft Visual Studio Solution File, Format Version 12.00
# Visual Studio Version 17
VisualStudioVersion = 17.10.35004.147
MinimumVisualStudioVersion = 10.0.40219.1
Project("{FAE04EC0-301F-11D3-BF4B-00C04F79EFBC}") = "CarApp", "CarApp.csproj", "{457DD637-997D-4D22-9B97-5010C482C9AD}"
EndProject
Global
	GlobalSection(SolutionConfigurationPlatforms) = preSolution
		Debug|Any CPU = Debug|Any CPU
		Release|Any CPU = Release|Any CPU
	EndGlobalSection
	GlobalSection(ProjectConfigurationPlatforms) = postSolution
		{457DD637-997D-4D22-9B97-5010C482C9AD}.Debug|Any CPU.ActiveCfg = Debug|Any CPU
		{457DD637-997D-4D22-9B97-5010C482C9AD}.Debug|Any CPU.Build.0 = Debug|Any CPU
		{457DD637-997D-4D22-9B97-5010C482C9AD}.Release|Any CPU.ActiveCfg = Release|Any CPU
		{457DD637-997D-4D22-9B97-5010C482C9AD}.Release|Any CPU.Build.0 = Release|Any CPU
	EndGlobalSection
	GlobalSection(SolutionProperties) = preSolution
		HideSolutionNode = FALSE
	EndGlobalSection
	GlobalSection(ExtensibilityGlobals) = postSolution
		SolutionGuid = {DF553556-D2B0-428F-BF7B-3B25C2C29060}
	EndGlobalSection
EndGlobal
